
Microsoft Visual Studio Solution File, Format Version 12.00
# Visual Studio 15
VisualStudioVersion = 15.0.28307.136
MinimumVisualStudioVersion = 10.0.40219.1
Project("{FAE04EC0-301F-11D3-BF4B-00C04F79EFBC}") = "AirBnB.Android", "AirBnB\AirBnB.Android\AirBnB.Android.csproj", "{803EAC16-1EF3-4098-8B42-295CD37C2248}"
EndProject
Project("{FAE04EC0-301F-11D3-BF4B-00C04F79EFBC}") = "AirBnB", "AirBnB\AirBnB\AirBnB.csproj", "{ADDA154A-DE73-41C7-8037-CCAEB019BC94}"
EndProject
Global
	GlobalSection(SolutionConfigurationPlatforms) = preSolution
		Debug|Any CPU = Debug|Any CPU
		Release|Any CPU = Release|Any CPU
	EndGlobalSection
	GlobalSection(ProjectConfigurationPlatforms) = postSolution
		{803EAC16-1EF3-4098-8B42-295CD37C2248}.Debug|Any CPU.ActiveCfg = Debug|Any CPU
		{803EAC16-1EF3-4098-8B42-295CD37C2248}.Debug|Any CPU.Build.0 = Debug|Any CPU
		{803EAC16-1EF3-4098-8B42-295CD37C2248}.Debug|Any CPU.Deploy.0 = Debug|Any CPU
		{803EAC16-1EF3-4098-8B42-295CD37C2248}.Release|Any CPU.ActiveCfg = Release|Any CPU
		{803EAC16-1EF3-4098-8B42-295CD37C2248}.Release|Any CPU.Build.0 = Release|Any CPU
		{803EAC16-1EF3-4098-8B42-295CD37C2248}.Release|Any CPU.Deploy.0 = Release|Any CPU
		{ADDA154A-DE73-41C7-8037-CCAEB019BC94}.Debug|Any CPU.ActiveCfg = Debug|Any CPU
		{ADDA154A-DE73-41C7-8037-CCAEB019BC94}.Debug|Any CPU.Build.0 = Debug|Any CPU
		{ADDA154A-DE73-41C7-8037-CCAEB019BC94}.Debug|Any CPU.Deploy.0 = Debug|Any CPU
		{ADDA154A-DE73-41C7-8037-CCAEB019BC94}.Release|Any CPU.ActiveCfg = Release|Any CPU
		{ADDA154A-DE73-41C7-8037-CCAEB019BC94}.Release|Any CPU.Build.0 = Release|Any CPU
		{ADDA154A-DE73-41C7-8037-CCAEB019BC94}.Release|Any CPU.Deploy.0 = Release|Any CPU
	EndGlobalSection
	GlobalSection(SolutionProperties) = preSolution
		HideSolutionNode = FALSE
	EndGlobalSection
	GlobalSection(ExtensibilityGlobals) = postSolution
		SolutionGuid = {4A8B2367-F88B-45EA-9786-CB2A246F4264}
	EndGlobalSection
EndGlobal
